---
lockfileVersion: '9.0'

importers:

  .:
    configDependencies: {}
    packageManagerDependencies:
      '@pnpm/exe':
        specifier: ^11.1.2
        version: 11.4.0
      pnpm:
        specifier: ^11.1.2
        version: 11.4.0

packages:

  '@pnpm/exe@11.4.0':
    resolution: {integrity: sha512-tJYeYaMvAVagc/tnm/MgiHjsCk0xcPHiyEpxaaVqWdd5dk7JzvkEMbM/mwI774Qx4hAs9ISLP+4Nd+mKDUhpfA==}
    hasBin: true

  '@pnpm/linux-arm64@11.4.0':
    resolution: {integrity: sha512-LSftAzbg7tyk/5xVyURe4IrojLznKO+rIJ/RDwtEAdkbTxAtyxZEhzl0asvS9XFITSvh7tifDLEw/8e+1opXNQ==}
    cpu: [arm64]
    os: [linux]

  '@pnpm/linux-x64@11.4.0':
    resolution: {integrity: sha512-4y3QOjG/QBg1xCh1RPCtU0jtqj6A9ndldPVffnGrMU2VE2tRlzXVASc1ELwfLBR8M6XOLk/QYMTxTHHMhAECuw==}
    cpu: [x64]
    os: [linux]

  '@pnpm/linuxstatic-arm64@11.4.0':
    resolution: {integrity: sha512-nPEGdbOB04o3FSXHFaXvFnBVrQH+dAqjFr4j4O0PVyc8XtC+Yet8hrz/DSOFc0x6UtGcglWZ9UepwnPhzUjAYA==}
    cpu: [arm64]
    os: [linux]
    libc: [musl]

  '@pnpm/linuxstatic-x64@11.4.0':
    resolution: {integrity: sha512-J8OF0s+y8094UMlqnr9P3BwuEmZ+LDX98s4FZgkliDoMoix3Oo8NajsMZJRoZxXsGEkLhsv30EbbD60rzsv1GA==}
    cpu: [x64]
    os: [linux]
    libc: [musl]

  '@pnpm/macos-arm64@11.4.0':
    resolution: {integrity: sha512-oYOcqy8vu/VJ7iQHYXt1hfZjhUzCyGznCuP0iBp3GHp5oz/EhM5pk6he47RIyMv7iVSH6ZLKfTC03FMQAMtdAQ==}
    cpu: [arm64]
    os: [darwin]

  '@pnpm/win-arm64@11.4.0':
    resolution: {integrity: sha512-OTXl9Jv6qZi42wctVaopchLlJwVPTKHQNs1cnN1M/a/QuKRvvWvtGhbSA45C37QczTP5Tou8+Gg2AR3TCdA8gg==}
    cpu: [arm64]
    os: [win32]

  '@pnpm/win-x64@11.4.0':
    resolution: {integrity: sha512-jBo9FCwV6E0/EaZy3rf3ZXTDBJsmk+GybawgHyaX/D/TiH/M5iJvr1AWkp8cS/Edob7xxZEetei1FfczGNMSNw==}
    cpu: [x64]
    os: [win32]

  '@reflink/reflink-darwin-arm64@0.1.19':
    resolution: {integrity: sha512-ruy44Lpepdk1FqDz38vExBY/PVUsjxZA+chd9wozjUH9JjuDT/HEaQYA6wYN9mf041l0yLVar6BCZuWABJvHSA==}
    engines: {node: '>= 10'}
    cpu: [arm64]
    os: [darwin]

  '@reflink/reflink-darwin-x64@0.1.19':
    resolution: {integrity: sha512-By85MSWrMZa+c26TcnAy8SDk0sTUkYlNnwknSchkhHpGXOtjNDUOxJE9oByBnGbeuIE1PiQsxDG3Ud+IVV9yuA==}
    engines: {node: '>= 10'}
    cpu: [x64]
    os: [darwin]

  '@reflink/reflink-linux-arm64-gnu@0.1.19':
    resolution: {integrity: sha512-7P+er8+rP9iNeN+bfmccM4hTAaLP6PQJPKWSA4iSk2bNvo6KU6RyPgYeHxXmzNKzPVRcypZQTpFgstHam6maVg==}
    engines: {node: '>= 10'}
    cpu: [arm64]
    os: [linux]
    libc: [glibc]

  '@reflink/reflink-linux-arm64-musl@0.1.19':
    resolution: {integrity: sha512-37iO/Dp6m5DDaC2sf3zPtx/hl9FV3Xze4xoYidrxxS9bgP3S8ALroxRK6xBG/1TtfXKTvolvp+IjrUU6ujIGmA==}
    engines: {node: '>= 10'}
    cpu: [arm64]
    os: [linux]
    libc: [musl]

  '@reflink/reflink-linux-x64-gnu@0.1.19':
    resolution: {integrity: sha512-jbI8jvuYCaA3MVUdu8vLoLAFqC+iNMpiSuLbxlAgg7x3K5bsS8nOpTRnkLF7vISJ+rVR8W+7ThXlXlUQ93ulkw==}
    engines: {node: '>= 10'}
    cpu: [x64]
    os: [linux]
    libc: [glibc]

  '@reflink/reflink-linux-x64-musl@0.1.19':
    resolution: {integrity: sha512-e9FBWDe+lv7QKAwtKOt6A2W/fyy/aEEfr0g6j/hWzvQcrzHCsz07BNQYlNOjTfeytrtLU7k449H1PI95jA4OjQ==}
    engines: {node: '>= 10'}
    cpu: [x64]
    os: [linux]
    libc: [musl]

  '@reflink/reflink-win32-arm64-msvc@0.1.19':
    resolution: {integrity: sha512-09PxnVIQcd+UOn4WAW73WU6PXL7DwGS6wPlkMhMg2zlHHG65F3vHepOw06HFCq+N42qkaNAc8AKIabWvtk6cIQ==}
    engines: {node: '>= 10'}
    cpu: [arm64]
    os: [win32]

  '@reflink/reflink-win32-x64-msvc@0.1.19':
    resolution: {integrity: sha512-E//yT4ni2SyhwP8JRjVGWr3cbnhWDiPLgnQ66qqaanjjnMiu3O/2tjCPQXlcGc/DEYofpDc9fvhv6tALQsMV9w==}
    engines: {node: '>= 10'}
    cpu: [x64]
    os: [win32]

  '@reflink/reflink@0.1.19':
    resolution: {integrity: sha512-DmCG8GzysnCZ15bres3N5AHCmwBwYgp0As6xjhQ47rAUTUXxJiK+lLUxaGsX3hd/30qUpVElh05PbGuxRPgJwA==}
    engines: {node: '>= 10'}

  detect-libc@2.1.2:
    resolution: {integrity: sha512-Btj2BOOO83o3WyH59e8MgXsxEQVcarkUOpEYrubB0urwnN10yQ364rsiByU11nZlqWYZm05i/of7io4mzihBtQ==}
    engines: {node: '>=8'}

  pnpm@11.4.0:
    resolution: {integrity: sha512-8P68fjdVKrSFSUqRQkGzOOCzWAuT1UzjHwCTMBWICGMSkDihtK5OQUoO5jrDW/IRl+mQFyxKaCVkULVjYxCWjw==}
    engines: {node: '>=22.13'}
    hasBin: true

snapshots:

  '@pnpm/exe@11.4.0':
    dependencies:
      '@reflink/reflink': 0.1.19
      detect-libc: 2.1.2
    optionalDependencies:
      '@pnpm/linux-arm64': 11.4.0
      '@pnpm/linux-x64': 11.4.0
      '@pnpm/linuxstatic-arm64': 11.4.0
      '@pnpm/linuxstatic-x64': 11.4.0
      '@pnpm/macos-arm64': 11.4.0
      '@pnpm/win-arm64': 11.4.0
      '@pnpm/win-x64': 11.4.0

  '@pnpm/linux-arm64@11.4.0':
    optional: true

  '@pnpm/linux-x64@11.4.0':
    optional: true

  '@pnpm/linuxstatic-arm64@11.4.0':
    optional: true

  '@pnpm/linuxstatic-x64@11.4.0':
    optional: true

  '@pnpm/macos-arm64@11.4.0':
    optional: true

  '@pnpm/win-arm64@11.4.0':
    optional: true

  '@pnpm/win-x64@11.4.0':
    optional: true

  '@reflink/reflink-darwin-arm64@0.1.19':
    optional: true

  '@reflink/reflink-darwin-x64@0.1.19':
    optional: true

  '@reflink/reflink-linux-arm64-gnu@0.1.19':
    optional: true

  '@reflink/reflink-linux-arm64-musl@0.1.19':
    optional: true

  '@reflink/reflink-linux-x64-gnu@0.1.19':
    optional: true

  '@reflink/reflink-linux-x64-musl@0.1.19':
    optional: true

  '@reflink/reflink-win32-arm64-msvc@0.1.19':
    optional: true

  '@reflink/reflink-win32-x64-msvc@0.1.19':
    optional: true

  '@reflink/reflink@0.1.19':
    optionalDependencies:
      '@reflink/reflink-darwin-arm64': 0.1.19
      '@reflink/reflink-darwin-x64': 0.1.19
      '@reflink/reflink-linux-arm64-gnu': 0.1.19
      '@reflink/reflink-linux-arm64-musl': 0.1.19
      '@reflink/reflink-linux-x64-gnu': 0.1.19
      '@reflink/reflink-linux-x64-musl': 0.1.19
      '@reflink/reflink-win32-arm64-msvc': 0.1.19
      '@reflink/reflink-win32-x64-msvc': 0.1.19

  detect-libc@2.1.2: {}

  pnpm@11.4.0: {}

---
lockfileVersion: '9.0'

settings:
  autoInstallPeers: true
  excludeLinksFromLockfile: false

importers:

  .:
    dependencies:
      source-map:
        specifier: ^0.7.6
        version: 0.7.6

packages:

  source-map@0.7.6:
    resolution: {integrity: sha512-i5uvt8C3ikiWeNZSVZNWcfZPItFQOsYTUAOkcUPGd8DqDy1uOUikjt5dG+uRlwyvR108Fb9DOd4GvXfT0N2/uQ==}
    engines: {node: '>= 12'}

snapshots:

  source-map@0.7.6: {}
